
Microsoft Visual Studio Solution File, Format Version 12.00
# Visual Studio Version 16
VisualStudioVersion = 16.0.31702.278
MinimumVisualStudioVersion = 10.0.40219.1
Project("{8BC9CEB8-8B4A-11D0-8D11-00A0C91BC942}") = "theme5.1", "theme5.1\theme5.1.vcxproj", "{A7C01DA1-3817-4A35-99A7-BF3B05D9950C}"
EndProject
Project("{8BC9CEB8-8B4A-11D0-8D11-00A0C91BC942}") = "theme5.3", "theme5.3\theme5.3.vcxproj", "{AD1F7709-62EE-4B75-8E49-D3EB89148C4E}"
EndProject
Global
	GlobalSection(SolutionConfigurationPlatforms) = preSolution
		Debug|x64 = Debug|x64
		Debug|x86 = Debug|x86
		Release|x64 = Release|x64
		Release|x86 = Release|x86
	EndGlobalSection
	GlobalSection(ProjectConfigurationPlatforms) = postSolution
		{A7C01DA1-3817-4A35-99A7-BF3B05D9950C}.Debug|x64.ActiveCfg = Debug|x64
		{A7C01DA1-3817-4A35-99A7-BF3B05D9950C}.Debug|x64.Build.0 = Debug|x64
		{A7C01DA1-3817-4A35-99A7-BF3B05D9950C}.Debug|x86.ActiveCfg = Debug|Win32
		{A7C01DA1-3817-4A35-99A7-BF3B05D9950C}.Debug|x86.Build.0 = Debug|Win32
		{A7C01DA1-3817-4A35-99A7-BF3B05D9950C}.Release|x64.ActiveCfg = Release|x64
		{A7C01DA1-3817-4A35-99A7-BF3B05D9950C}.Release|x64.Build.0 = Release|x64
		{A7C01DA1-3817-4A35-99A7-BF3B05D9950C}.Release|x86.ActiveCfg = Release|Win32
		{A7C01DA1-3817-4A35-99A7-BF3B05D9950C}.Release|x86.Build.0 = Release|Win32
		{AD1F7709-62EE-4B75-8E49-D3EB89148C4E}.Debug|x64.ActiveCfg = Debug|x64
		{AD1F7709-62EE-4B75-8E49-D3EB89148C4E}.Debug|x64.Build.0 = Debug|x64
		{AD1F7709-62EE-4B75-8E49-D3EB89148C4E}.Debug|x86.ActiveCfg = Debug|Win32
		{AD1F7709-62EE-4B75-8E49-D3EB89148C4E}.Debug|x86.Build.0 = Debug|Win32
		{AD1F7709-62EE-4B75-8E49-D3EB89148C4E}.Release|x64.ActiveCfg = Release|x64
		{AD1F7709-62EE-4B75-8E49-D3EB89148C4E}.Release|x64.Build.0 = Release|x64
		{AD1F7709-62EE-4B75-8E49-D3EB89148C4E}.Release|x86.ActiveCfg = Release|Win32
		{AD1F7709-62EE-4B75-8E49-D3EB89148C4E}.Release|x86.Build.0 = Release|Win32
	EndGlobalSection
	GlobalSection(SolutionProperties) = preSolution
		HideSolutionNode = FALSE
	EndGlobalSection
	GlobalSection(ExtensibilityGlobals) = postSolution
		SolutionGuid = {A924CCD0-4C12-4C35-83FD-6507D5ABC220}
	EndGlobalSection
EndGlobal
